
Microsoft Visual Studio Solution File, Format Version 12.00
# Visual Studio Version 16
VisualStudioVersion = 16.0.31702.278
MinimumVisualStudioVersion = 10.0.40219.1
Project("{FAE04EC0-301F-11D3-BF4B-00C04F79EFBC}") = "Karpov_Maksim_PRI-120_PKG_KP", "Karpov_Maksim_PRI-120_PKG_KP\Karpov_Maksim_PRI-120_PKG_KP.csproj", "{A1185A96-1E45-4B16-B7B6-900CAC4FF65A}"
EndProject
Global
	GlobalSection(SolutionConfigurationPlatforms) = preSolution
		Debug|Any CPU = Debug|Any CPU
		Release|Any CPU = Release|Any CPU
	EndGlobalSection
	GlobalSection(ProjectConfigurationPlatforms) = postSolution
		{A1185A96-1E45-4B16-B7B6-900CAC4FF65A}.Debug|Any CPU.ActiveCfg = Debug|Any CPU
		{A1185A96-1E45-4B16-B7B6-900CAC4FF65A}.Debug|Any CPU.Build.0 = Debug|Any CPU
		{A1185A96-1E45-4B16-B7B6-900CAC4FF65A}.Release|Any CPU.ActiveCfg = Release|Any CPU
		{A1185A96-1E45-4B16-B7B6-900CAC4FF65A}.Release|Any CPU.Build.0 = Release|Any CPU
	EndGlobalSection
	GlobalSection(SolutionProperties) = preSolution
		HideSolutionNode = FALSE
	EndGlobalSection
	GlobalSection(ExtensibilityGlobals) = postSolution
		SolutionGuid = {687CD432-1E4D-4794-BB45-18983C1170C8}
	EndGlobalSection
EndGlobal
